Microsoft Visual Studio Solution File, Format Version 12.00
# Visual Studio 2012
Project("{FAE04EC0-301F-11D3-BF4B-00C04F79EFBC}") = "GWJ82", "GWJ82.csproj", "{3C8EF147-CC57-4BBA-A6E7-DCA26C5AD39F}"
EndProject
Global
	GlobalSection(SolutionConfigurationPlatforms) = preSolution
	Debug|Any CPU = Debug|Any CPU
	ExportDebug|Any CPU = ExportDebug|Any CPU
	ExportRelease|Any CPU = ExportRelease|Any CPU
	EndGlobalSection
	GlobalSection(ProjectConfigurationPlatforms) = postSolution
		{3C8EF147-CC57-4BBA-A6E7-DCA26C5AD39F}.Debug|Any CPU.ActiveCfg = Debug|Any CPU
		{3C8EF147-CC57-4BBA-A6E7-DCA26C5AD39F}.Debug|Any CPU.Build.0 = Debug|Any CPU
		{3C8EF147-CC57-4BBA-A6E7-DCA26C5AD39F}.ExportDebug|Any CPU.ActiveCfg = ExportDebug|Any CPU
		{3C8EF147-CC57-4BBA-A6E7-DCA26C5AD39F}.ExportDebug|Any CPU.Build.0 = ExportDebug|Any CPU
		{3C8EF147-CC57-4BBA-A6E7-DCA26C5AD39F}.ExportRelease|Any CPU.ActiveCfg = ExportRelease|Any CPU
		{3C8EF147-CC57-4BBA-A6E7-DCA26C5AD39F}.ExportRelease|Any CPU.Build.0 = ExportRelease|Any CPU
	EndGlobalSection
EndGlobal
